{
  "version": 4,
  "terraform_version": "1.8.4",
  "serial": 4,
  "lineage": "08d67fd4-dc68-062d-6ed9-ef9d0475e7fb",
  "outputs": {
    "storage_container_id": {
      "value": null,
      "type": "string"
    },
    "storage_container_url": {
      "value": "https://terraformstorageshark1.blob.core.windows.net/",
      "type": "string"
    }
  },
  "resources": [
    {
      "mode": "managed",
      "type": "azurerm_resource_group",
      "name": "rg",
      "provider": "provider[\"registry.terraform.io/hashicorp/azurerm\"]",
      "instances": [
        {
          "schema_version": 0,
          "attributes": {
            "id": "/subscriptions/b93b0fdc-f485-4f0b-bafd-e56370a696be/resourceGroups/example-resources",
            "location": "westeurope",
            "name": "example-resources",
            "tags": {},
            "timeouts": {
              "create": null,
              "delete": null,
              "read": null,
              "update": null
            }
          },
          "sensitive_attributes": [],
          "private": "eyJlMmJmYjczMC1lY2FhLTExZTYtOGY4OC0zNDM2M2JjN2M0YzAiOnsiY3JlYXRlIjo1NDAwMDAwMDAwMDAwLCJkZWxldGUiOjU0MDAwMDAwMDAwMDAsInJlYWQiOjMwMDAwMDAwMDAwMCwidXBkYXRlIjo1NDAwMDAwMDAwMDAwfSwic2NoZW1hX3ZlcnNpb24iOiIwIn0="
        }
      ]
    },
    {
      "mode": "managed",
      "type": "azurerm_storage_account",
      "name": "storage",
      "provider": "provider[\"registry.terraform.io/hashicorp/azurerm\"]",
      "instances": [
        {
          "schema_version": 3,
          "attributes": {
            "access_tier": "Hot",
            "account_kind": "StorageV2",
            "account_replication_type": "LRS",
            "account_tier": "Standard",
            "allow_nested_items_to_be_public": false,
            "azure_files_authentication": [],
            "blob_properties": [
              {
                "change_feed_enabled": false,
                "container_delete_retention_policy": [],
                "cors_rule": [],
                "default_service_version": "",
                "delete_retention_policy": [],
                "last_access_time_enabled": false,
                "versioning_enabled": false
              }
            ],
            "custom_domain": [],
            "customer_managed_key": [],
            "edge_zone": "",
            "enable_https_traffic_only": true,
            "id": "/subscriptions/b93b0fdc-f485-4f0b-bafd-e56370a696be/resourceGroups/example-resources/providers/Microsoft.Storage/storageAccounts/terraformstorageshark1",
            "identity": [],
            "infrastructure_encryption_enabled": false,
            "is_hns_enabled": false,
            "large_file_share_enabled": null,
            "location": "westeurope",
            "min_tls_version": "TLS1_0",
            "name": "terraformstorageshark1",
            "network_rules": [
              {
                "bypass": [
                  "AzureServices"
                ],
                "default_action": "Allow",
                "ip_rules": [],
                "private_link_access": [],
                "virtual_network_subnet_ids": []
              }
            ],
            "nfsv3_enabled": false,
            "primary_access_key": "gpBwiLUsOlepThVEKzLX4wlRcb+tqS0Hzl/DvE0ZdbF5MHwEKzFTjVbeOxEHav7/U8ZGYqwnDdgp+AStDbUxCg==",
            "primary_blob_connection_string": "DefaultEndpointsProtocol=https;BlobEndpoint=https://terraformstorageshark1.blob.core.windows.net/;AccountName=terraformstorageshark1;AccountKey=gpBwiLUsOlepThVEKzLX4wlRcb+tqS0Hzl/DvE0ZdbF5MHwEKzFTjVbeOxEHav7/U8ZGYqwnDdgp+AStDbUxCg==",
            "primary_blob_endpoint": "https://terraformstorageshark1.blob.core.windows.net/",
            "primary_blob_host": "terraformstorageshark1.blob.core.windows.net",
            "primary_connection_string": "DefaultEndpointsProtocol=https;AccountName=terraformstorageshark1;AccountKey=gpBwiLUsOlepThVEKzLX4wlRcb+tqS0Hzl/DvE0ZdbF5MHwEKzFTjVbeOxEHav7/U8ZGYqwnDdgp+AStDbUxCg==;EndpointSuffix=core.windows.net",
            "primary_dfs_endpoint": "https://terraformstorageshark1.dfs.core.windows.net/",
            "primary_dfs_host": "terraformstorageshark1.dfs.core.windows.net",
            "primary_file_endpoint": "https://terraformstorageshark1.file.core.windows.net/",
            "primary_file_host": "terraformstorageshark1.file.core.windows.net",
            "primary_location": "westeurope",
            "primary_queue_endpoint": "https://terraformstorageshark1.queue.core.windows.net/",
            "primary_queue_host": "terraformstorageshark1.queue.core.windows.net",
            "primary_table_endpoint": "https://terraformstorageshark1.table.core.windows.net/",
            "primary_table_host": "terraformstorageshark1.table.core.windows.net",
            "primary_web_endpoint": "https://terraformstorageshark1.z6.web.core.windows.net/",
            "primary_web_host": "terraformstorageshark1.z6.web.core.windows.net",
            "queue_encryption_key_type": "Service",
            "queue_properties": [
              {
                "cors_rule": [],
                "hour_metrics": [
                  {
                    "enabled": true,
                    "include_apis": true,
                    "retention_policy_days": 7,
                    "version": "1.0"
                  }
                ],
                "logging": [
                  {
                    "delete": false,
                    "read": false,
                    "retention_policy_days": 0,
                    "version": "1.0",
                    "write": false
                  }
                ],
                "minute_metrics": [
                  {
                    "enabled": false,
                    "include_apis": false,
                    "retention_policy_days": 0,
                    "version": "1.0"
                  }
                ]
              }
            ],
            "resource_group_name": "example-resources",
            "routing": [],
            "secondary_access_key": "7HamueahAXFhW/YNmuTlqdPOWhSPA5Hk887w2Cmq5Xz4+CkvUXpmM4fw2/tw8FzLT8kwKXxl6WY2+ASt8ErUKw==",
            "secondary_blob_connection_string": "",
            "secondary_blob_endpoint": null,
            "secondary_blob_host": null,
            "secondary_connection_string": "DefaultEndpointsProtocol=https;AccountName=terraformstorageshark1;AccountKey=7HamueahAXFhW/YNmuTlqdPOWhSPA5Hk887w2Cmq5Xz4+CkvUXpmM4fw2/tw8FzLT8kwKXxl6WY2+ASt8ErUKw==;EndpointSuffix=core.windows.net",
            "secondary_dfs_endpoint": null,
            "secondary_dfs_host": null,
            "secondary_file_endpoint": null,
            "secondary_file_host": null,
            "secondary_location": "",
            "secondary_queue_endpoint": null,
            "secondary_queue_host": null,
            "secondary_table_endpoint": null,
            "secondary_table_host": null,
            "secondary_web_endpoint": null,
            "secondary_web_host": null,
            "share_properties": [
              {
                "cors_rule": [],
                "retention_policy": [
                  {
                    "days": 7
                  }
                ],
                "smb": []
              }
            ],
            "shared_access_key_enabled": true,
            "static_website": [],
            "table_encryption_key_type": "Service",
            "tags": {
              "environment": "staging"
            },
            "timeouts": {
              "create": null,
              "delete": null,
              "read": null,
              "update": null
            }
          },
          "sensitive_attributes": [
            [
              {
                "type": "get_attr",
                "value": "secondary_blob_connection_string"
              }
            ],
            [
              {
                "type": "get_attr",
                "value": "primary_connection_string"
              }
            ],
            [
              {
                "type": "get_attr",
                "value": "primary_blob_connection_string"
              }
            ],
            [
              {
                "type": "get_attr",
                "value": "secondary_connection_string"
              }
            ],
            [
              {
                "type": "get_attr",
                "value": "primary_access_key"
              }
            ],
            [
              {
                "type": "get_attr",
                "value": "secondary_access_key"
              }
            ]
          ],
          "private": "eyJlMmJmYjczMC1lY2FhLTExZTYtOGY4OC0zNDM2M2JjN2M0YzAiOnsiY3JlYXRlIjozNjAwMDAwMDAwMDAwLCJkZWxldGUiOjM2MDAwMDAwMDAwMDAsInJlYWQiOjMwMDAwMDAwMDAwMCwidXBkYXRlIjozNjAwMDAwMDAwMDAwfSwic2NoZW1hX3ZlcnNpb24iOiIzIn0="
        }
      ]
    }
  ],
  "check_results": null
}
